
Microsoft Visual Studio Solution File, Format Version 12.00
# Visual Studio Version 16
VisualStudioVersion = 16.0.32407.337
MinimumVisualStudioVersion = 10.0.40219.1
Project("{FAE04EC0-301F-11D3-BF4B-00C04F79EFBC}") = "Recover Binary Search Tree", "Recover Binary Search Tree\Recover Binary Search Tree.csproj", "{CA2FE927-4126-463D-B878-180A5040A9ED}"
EndProject
Global
	GlobalSection(SolutionConfigurationPlatforms) = preSolution
		Debug|Any CPU = Debug|Any CPU
		Release|Any CPU = Release|Any CPU
	EndGlobalSection
	GlobalSection(ProjectConfigurationPlatforms) = postSolution
		{CA2FE927-4126-463D-B878-180A5040A9ED}.Debug|Any CPU.ActiveCfg = Debug|Any CPU
		{CA2FE927-4126-463D-B878-180A5040A9ED}.Debug|Any CPU.Build.0 = Debug|Any CPU
		{CA2FE927-4126-463D-B878-180A5040A9ED}.Release|Any CPU.ActiveCfg = Release|Any CPU
		{CA2FE927-4126-463D-B878-180A5040A9ED}.Release|Any CPU.Build.0 = Release|Any CPU
	EndGlobalSection
	GlobalSection(SolutionProperties) = preSolution
		HideSolutionNode = FALSE
	EndGlobalSection
	GlobalSection(ExtensibilityGlobals) = postSolution
		SolutionGuid = {E61E1964-822E-4814-8BDB-166F6383038B}
	EndGlobalSection
EndGlobal
